// !$*UTF8*$!
{
	archiveVersion = 1;
	classes = {
	};
	objectVersion = 48;
	objects = {

/* Begin PBXBuildFile section */
		990EB2A41F9DDCB1008BE16B /* File.swift in Sources */ = {isa = PBXBuildFile; fileRef = 990EB2A31F9DDCB1008BE16B /* File.swift */; };
		99CB09A71F974BDA00C51582 /* main.swift in Sources */ = {isa = PBXBuildFile; fileRef = 99CB09A61F974BDA00C51582 /* main.swift */; };
		99CB09AE1F974CC300C51582 /* PartieGame.swift in Sources */ = {isa = PBXBuildFile; fileRef = 99CB09AD1F974CC300C51582 /* PartieGame.swift */; };
		99CB09B71F974F6100C51582 /* Nameplayer1.swift in Sources */ = {isa = PBXBuildFile; fileRef = 99CB09B61F974F6100C51582 /* Nameplayer1.swift */; };
		99CB09BB1F97818400C51582 /* Characters.swift in Sources */ = {isa = PBXBuildFile; fileRef = 99CB09BA1F97818400C51582 /* Characters.swift */; };
		99CB09C01F97969F00C51582 /* Mage.swift in Sources */ = {isa = PBXBuildFile; fileRef = 99CB09BF1F97969F00C51582 /* Mage.swift */; };
		99CB09C31F979EAF00C51582 /* Dwarf.swift in Sources */ = {isa = PBXBuildFile; fileRef = 99CB09C21F979EAF00C51582 /* Dwarf.swift */; };
		99CB09C51F979F0800C51582 /* Warrior.swift in Sources */ = {isa = PBXBuildFile; fileRef = 99CB09C41F979F0800C51582 /* Warrior.swift */; };
		99CB09CA1F98A72600C51582 /* Colossus.swift in Sources */ = {isa = PBXBuildFile; fileRef = 99CB09C91F98A72600C51582 /* Colossus.swift */; };
		99CB09CF1F98A83700C51582 /* Arms.swift in Sources */ = {isa = PBXBuildFile; fileRef = 99CB09CE1F98A83700C51582 /* Arms.swift */; };
		99CB09D11F98AAEB00C51582 /* Arc.swift in Sources */ = {isa = PBXBuildFile; fileRef = 99CB09D01F98AAEB00C51582 /* Arc.swift */; };
		99CB09D31F98AB4F00C51582 /* Scepter.swift in Sources */ = {isa = PBXBuildFile; fileRef = 99CB09D21F98AB4F00C51582 /* Scepter.swift */; };
		99CB09D51F98ABA800C51582 /* Sword.swift in Sources */ = {isa = PBXBuildFile; fileRef = 99CB09D41F98ABA800C51582 /* Sword.swift */; };
		99FC7FE01F9A199F00D28956 /* Hache.swift in Sources */ = {isa = PBXBuildFile; fileRef = 99FC7FDF1F9A199F00D28956 /* Hache.swift */; };
		99FC7FE21F9A1A3100D28956 /* Mage2.swift in Sources */ = {isa = PBXBuildFile; fileRef = 99FC7FE11F9A1A3100D28956 /* Mage2.swift */; };
		99FC7FE41F9A1A4200D28956 /* Dwarf2.swift in Sources */ = {isa = PBXBuildFile; fileRef = 99FC7FE31F9A1A4200D28956 /* Dwarf2.swift */; };
		99FC7FE61F9A1A5200D28956 /* Warrior2.swift in Sources */ = {isa = PBXBuildFile; fileRef = 99FC7FE51F9A1A5200D28956 /* Warrior2.swift */; };
		99FC7FE81F9A1A6100D28956 /* Colossus2.swift in Sources */ = {isa = PBXBuildFile; fileRef = 99FC7FE71F9A1A6100D28956 /* Colossus2.swift */; };
		99FC7FEB1F9A1BFC00D28956 /* Nameplayer2.swift in Sources */ = {isa = PBXBuildFile; fileRef = 99FC7FEA1F9A1BFC00D28956 /* Nameplayer2.swift */; };
/* End PBXBuildFile section */

/* Begin PBXCopyFilesBuildPhase section */
		99CB09A11F974BDA00C51582 /* CopyFiles */ = {
			isa = PBXCopyFilesBuildPhase;
			buildActionMask = 2147483647;
			dstPath = /usr/share/man/man1/;
			dstSubfolderSpec = 0;
			files = (
			);
			runOnlyForDeploymentPostprocessing = 1;
		};
/* End PBXCopyFilesBuildPhase section */

/* Begin PBXFileReference section */
		990EB2A31F9DDCB1008BE16B /* File.swift */ = {isa = PBXFileReference; lastKnownFileType = sourcecode.swift; path = File.swift; sourceTree = "<group>"; };
		99CB09A31F974BDA00C51582 /* Projet 3 */ = {isa = PBXFileReference; explicitFileType = "compiled.mach-o.executable"; includeInIndex = 0; path = "Projet 3"; sourceTree = BUILT_PRODUCTS_DIR; };
		99CB09A61F974BDA00C51582 /* main.swift */ = {isa = PBXFileReference; lastKnownFileType = sourcecode.swift; path = main.swift; sourceTree = "<group>"; };
		99CB09AD1F974CC300C51582 /* PartieGame.swift */ = {isa = PBXFileReference; lastKnownFileType = sourcecode.swift; path = PartieGame.swift; sourceTree = "<group>"; };
		99CB09B61F974F6100C51582 /* Nameplayer1.swift */ = {isa = PBXFileReference; lastKnownFileType = sourcecode.swift; path = Nameplayer1.swift; sourceTree = "<group>"; };
		99CB09BA1F97818400C51582 /* Characters.swift */ = {isa = PBXFileReference; lastKnownFileType = sourcecode.swift; path = Characters.swift; sourceTree = "<group>"; };
		99CB09BF1F97969F00C51582 /* Mage.swift */ = {isa = PBXFileReference; lastKnownFileType = sourcecode.swift; path = Mage.swift; sourceTree = "<group>"; };
		99CB09C21F979EAF00C51582 /* Dwarf.swift */ = {isa = PBXFileReference; lastKnownFileType = sourcecode.swift; path = Dwarf.swift; sourceTree = "<group>"; };
		99CB09C41F979F0800C51582 /* Warrior.swift */ = {isa = PBXFileReference; lastKnownFileType = sourcecode.swift; path = Warrior.swift; sourceTree = "<group>"; };
		99CB09C91F98A72600C51582 /* Colossus.swift */ = {isa = PBXFileReference; lastKnownFileType = sourcecode.swift; path = Colossus.swift; sourceTree = "<group>"; };
		99CB09CE1F98A83700C51582 /* Arms.swift */ = {isa = PBXFileReference; lastKnownFileType = sourcecode.swift; path = Arms.swift; sourceTree = "<group>"; };
		99CB09D01F98AAEB00C51582 /* Arc.swift */ = {isa = PBXFileReference; lastKnownFileType = sourcecode.swift; path = Arc.swift; sourceTree = "<group>"; };
		99CB09D21F98AB4F00C51582 /* Scepter.swift */ = {isa = PBXFileReference; lastKnownFileType = sourcecode.swift; path = Scepter.swift; sourceTree = "<group>"; };
		99CB09D41F98ABA800C51582 /* Sword.swift */ = {isa = PBXFileReference; lastKnownFileType = sourcecode.swift; path = Sword.swift; sourceTree = "<group>"; };
		99FC7FDF1F9A199F00D28956 /* Hache.swift */ = {isa = PBXFileReference; lastKnownFileType = sourcecode.swift; path = Hache.swift; sourceTree = "<group>"; };
		99FC7FE11F9A1A3100D28956 /* Mage2.swift */ = {isa = PBXFileReference; lastKnownFileType = sourcecode.swift; path = Mage2.swift; sourceTree = "<group>"; };
		99FC7FE31F9A1A4200D28956 /* Dwarf2.swift */ = {isa = PBXFileReference; lastKnownFileType = sourcecode.swift; path = Dwarf2.swift; sourceTree = "<group>"; };
		99FC7FE51F9A1A5200D28956 /* Warrior2.swift */ = {isa = PBXFileReference; lastKnownFileType = sourcecode.swift; path = Warrior2.swift; sourceTree = "<group>"; };
		99FC7FE71F9A1A6100D28956 /* Colossus2.swift */ = {isa = PBXFileReference; lastKnownFileType = sourcecode.swift; path = Colossus2.swift; sourceTree = "<group>"; };
		99FC7FEA1F9A1BFC00D28956 /* Nameplayer2.swift */ = {isa = PBXFileReference; lastKnownFileType = sourcecode.swift; path = Nameplayer2.swift; sourceTree = "<group>"; };
/* End PBXFileReference section */

/* Begin PBXFrameworksBuildPhase section */
		99CB09A01F974BDA00C51582 /* Frameworks */ = {
			isa = PBXFrameworksBuildPhase;
			buildActionMask = 2147483647;
			files = (
			);
			runOnlyForDeploymentPostprocessing = 0;
		};
/* End PBXFrameworksBuildPhase section */

/* Begin PBXGroup section */
		99CB099A1F974BDA00C51582 = {
			isa = PBXGroup;
			children = (
				99CB09A51F974BDA00C51582 /* Projet 3 */,
				99CB09A41F974BDA00C51582 /* Products */,
			);
			sourceTree = "<group>";
		};
		99CB09A41F974BDA00C51582 /* Products */ = {
			isa = PBXGroup;
			children = (
				99CB09A31F974BDA00C51582 /* Projet 3 */,
			);
			name = Products;
			sourceTree = "<group>";
		};
		99CB09A51F974BDA00C51582 /* Projet 3 */ = {
			isa = PBXGroup;
			children = (
				99CB09A61F974BDA00C51582 /* main.swift */,
				99CB09AD1F974CC300C51582 /* PartieGame.swift */,
				99CB09CD1F98A7B400C51582 /* Élements */,
				99CB09B01F974D0900C51582 /* Team1 */,
				99CB09B11F974D2200C51582 /* Team2 */,
			);
			path = "Projet 3";
			sourceTree = "<group>";
		};
		99CB09B01F974D0900C51582 /* Team1 */ = {
			isa = PBXGroup;
			children = (
				99CB09B61F974F6100C51582 /* Nameplayer1.swift */,
				99FC7FE91F9A1B2F00D28956 /* Characters Team 1 */,
			);
			path = Team1;
			sourceTree = "<group>";
		};
		99CB09B11F974D2200C51582 /* Team2 */ = {
			isa = PBXGroup;
			children = (
				99FC7FEA1F9A1BFC00D28956 /* Nameplayer2.swift */,
				99CB09B31F974D7100C51582 /* Characters Team 2 */,
			);
			path = Team2;
			sourceTree = "<group>";
		};
		99CB09B31F974D7100C51582 /* Characters Team 2 */ = {
			isa = PBXGroup;
			children = (
				99FC7FE11F9A1A3100D28956 /* Mage2.swift */,
				99FC7FE31F9A1A4200D28956 /* Dwarf2.swift */,
				99FC7FE51F9A1A5200D28956 /* Warrior2.swift */,
				99FC7FE71F9A1A6100D28956 /* Colossus2.swift */,
			);
			name = "Characters Team 2";
			sourceTree = "<group>";
		};
		99CB09BC1F97844F00C51582 /* Characters */ = {
			isa = PBXGroup;
			children = (
				99CB09BA1F97818400C51582 /* Characters.swift */,
				990EB2A31F9DDCB1008BE16B /* File.swift */,
			);
			path = Characters;
			sourceTree = "<group>";
		};
		99CB09C61F98A59200C51582 /* Arms */ = {
			isa = PBXGroup;
			children = (
				99CB09CE1F98A83700C51582 /* Arms.swift */,
				99CB09D01F98AAEB00C51582 /* Arc.swift */,
				99CB09D21F98AB4F00C51582 /* Scepter.swift */,
				99CB09D41F98ABA800C51582 /* Sword.swift */,
				99FC7FDF1F9A199F00D28956 /* Hache.swift */,
			);
			path = Arms;
			sourceTree = "<group>";
		};
		99CB09CD1F98A7B400C51582 /* Élements */ = {
			isa = PBXGroup;
			children = (
				99CB09BC1F97844F00C51582 /* Characters */,
				99CB09C61F98A59200C51582 /* Arms */,
			);
			name = "Élements";
			path = "Élements";
			sourceTree = "<group>";
		};
		99FC7FE91F9A1B2F00D28956 /* Characters Team 1 */ = {
			isa = PBXGroup;
			children = (
				99CB09BF1F97969F00C51582 /* Mage.swift */,
				99CB09C21F979EAF00C51582 /* Dwarf.swift */,
				99CB09C41F979F0800C51582 /* Warrior.swift */,
				99CB09C91F98A72600C51582 /* Colossus.swift */,
			);
			path = "Characters Team 1";
			sourceTree = "<group>";
		};
/* End PBXGroup section */

/* Begin PBXNativeTarget section */
		99CB09A21F974BDA00C51582 /* Projet 3 */ = {
			isa = PBXNativeTarget;
			buildConfigurationList = 99CB09AA1F974BDA00C51582 /* Build configuration list for PBXNativeTarget "Projet 3" */;
			buildPhases = (
				99CB099F1F974BDA00C51582 /* Sources */,
				99CB09A01F974BDA00C51582 /* Frameworks */,
				99CB09A11F974BDA00C51582 /* CopyFiles */,
			);
			buildRules = (
			);
			dependencies = (
			);
			name = "Projet 3";
			productName = "Projet 3";
			productReference = 99CB09A31F974BDA00C51582 /* Projet 3 */;
			productType = "com.apple.product-type.tool";
		};
/* End PBXNativeTarget section */

/* Begin PBXProject section */
		99CB099B1F974BDA00C51582 /* Project object */ = {
			isa = PBXProject;
			attributes = {
				LastSwiftUpdateCheck = 0900;
				LastUpgradeCheck = 0900;
				ORGANIZATIONNAME = "Amg-Industries";
				TargetAttributes = {
					99CB09A21F974BDA00C51582 = {
						CreatedOnToolsVersion = 9.0;
						ProvisioningStyle = Automatic;
					};
				};
			};
			buildConfigurationList = 99CB099E1F974BDA00C51582 /* Build configuration list for PBXProject "Projet 3" */;
			compatibilityVersion = "Xcode 8.0";
			developmentRegion = en;
			hasScannedForEncodings = 0;
			knownRegions = (
				en,
			);
			mainGroup = 99CB099A1F974BDA00C51582;
			productRefGroup = 99CB09A41F974BDA00C51582 /* Products */;
			projectDirPath = "";
			projectRoot = "";
			targets = (
				99CB09A21F974BDA00C51582 /* Projet 3 */,
			);
		};
/* End PBXProject section */

/* Begin PBXSourcesBuildPhase section */
		99CB099F1F974BDA00C51582 /* Sources */ = {
			isa = PBXSourcesBuildPhase;
			buildActionMask = 2147483647;
			files = (
				99CB09CF1F98A83700C51582 /* Arms.swift in Sources */,
				99FC7FE61F9A1A5200D28956 /* Warrior2.swift in Sources */,
				99FC7FEB1F9A1BFC00D28956 /* Nameplayer2.swift in Sources */,
				99CB09AE1F974CC300C51582 /* PartieGame.swift in Sources */,
				99FC7FE21F9A1A3100D28956 /* Mage2.swift in Sources */,
				99CB09D11F98AAEB00C51582 /* Arc.swift in Sources */,
				99CB09A71F974BDA00C51582 /* main.swift in Sources */,
				99FC7FE01F9A199F00D28956 /* Hache.swift in Sources */,
				99FC7FE81F9A1A6100D28956 /* Colossus2.swift in Sources */,
				99CB09C01F97969F00C51582 /* Mage.swift in Sources */,
				99CB09D51F98ABA800C51582 /* Sword.swift in Sources */,
				99CB09B71F974F6100C51582 /* Nameplayer1.swift in Sources */,
				99CB09CA1F98A72600C51582 /* Colossus.swift in Sources */,
				99CB09C31F979EAF00C51582 /* Dwarf.swift in Sources */,
				99FC7FE41F9A1A4200D28956 /* Dwarf2.swift in Sources */,
				99CB09C51F979F0800C51582 /* Warrior.swift in Sources */,
				99CB09BB1F97818400C51582 /* Characters.swift in Sources */,
				990EB2A41F9DDCB1008BE16B /* File.swift in Sources */,
				99CB09D31F98AB4F00C51582 /* Scepter.swift in Sources */,
			);
			runOnlyForDeploymentPostprocessing = 0;
		};
/* End PBXSourcesBuildPhase section */

/* Begin XCBuildConfiguration section */
		99CB09A81F974BDA00C51582 /* Debug */ = {
			isa = XCBuildConfiguration;
			buildSettings = {
				ALWAYS_SEARCH_USER_PATHS = NO;
				CLANG_ANALYZER_NONNULL = YES;
				CLANG_ANALYZER_NUMBER_OBJECT_CONVERSION = YES_AGGRESSIVE;
				CLANG_CXX_LANGUAGE_STANDARD = "gnu++14";
				CLANG_CXX_LIBRARY = "libc++";
				CLANG_ENABLE_MODULES = YES;
				CLANG_ENABLE_OBJC_ARC = YES;
				CLANG_WARN_BLOCK_CAPTURE_AUTORELEASING = YES;
				CLANG_WARN_BOOL_CONVERSION = YES;
				CLANG_WARN_COMMA = YES;
				CLANG_WARN_CONSTANT_CONVERSION = YES;
				CLANG_WARN_DIRECT_OBJC_ISA_USAGE = YES_ERROR;
				CLANG_WARN_DOCUMENTATION_COMMENTS = YES;
				CLANG_WARN_EMPTY_BODY = YES;
				CLANG_WARN_ENUM_CONVERSION = YES;
				CLANG_WARN_INFINITE_RECURSION = YES;
				CLANG_WARN_INT_CONVERSION = YES;
				CLANG_WARN_NON_LITERAL_NULL_CONVERSION = YES;
				CLANG_WARN_OBJC_LITERAL_CONVERSION = YES;
				CLANG_WARN_OBJC_ROOT_CLASS = YES_ERROR;
				CLANG_WARN_RANGE_LOOP_ANALYSIS = YES;
				CLANG_WARN_STRICT_PROTOTYPES = YES;
				CLANG_WARN_SUSPICIOUS_MOVE = YES;
				CLANG_WARN_UNGUARDED_AVAILABILITY = YES_AGGRESSIVE;
				CLANG_WARN_UNREACHABLE_CODE = YES;
				CLANG_WARN__DUPLICATE_METHOD_MATCH = YES;
				CODE_SIGN_IDENTITY = "-";
				COPY_PHASE_STRIP = NO;
				DEBUG_INFORMATION_FORMAT = dwarf;
				ENABLE_STRICT_OBJC_MSGSEND = YES;
				ENABLE_TESTABILITY = YES;
				GCC_C_LANGUAGE_STANDARD = gnu11;
				GCC_DYNAMIC_NO_PIC = NO;
				GCC_NO_COMMON_BLOCKS = YES;
				GCC_OPTIMIZATION_LEVEL = 0;
				GCC_PREPROCESSOR_DEFINITIONS = (
					"DEBUG=1",
					"$(inherited)",
				);
				GCC_WARN_64_TO_32_BIT_CONVERSION = YES;
				GCC_WARN_ABOUT_RETURN_TYPE = YES_ERROR;
				GCC_WARN_UNDECLARED_SELECTOR = YES;
				GCC_WARN_UNINITIALIZED_AUTOS = YES_AGGRESSIVE;
				GCC_WARN_UNUSED_FUNCTION = YES;
				GCC_WARN_UNUSED_VARIABLE = YES;
				MACOSX_DEPLOYMENT_TARGET = 10.12;
				MTL_ENABLE_DEBUG_INFO = YES;
				ONLY_ACTIVE_ARCH = YES;
				SDKROOT = macosx;
				SWIFT_ACTIVE_COMPILATION_CONDITIONS = DEBUG;
				SWIFT_OPTIMIZATION_LEVEL = "-Onone";
			};
			name = Debug;
		};
		99CB09A91F974BDA00C51582 /* Release */ = {
			isa = XCBuildConfiguration;
			buildSettings = {
				ALWAYS_SEARCH_USER_PATHS = NO;
				CLANG_ANALYZER_NONNULL = YES;
				CLANG_ANALYZER_NUMBER_OBJECT_CONVERSION = YES_AGGRESSIVE;
				CLANG_CXX_LANGUAGE_STANDARD = "gnu++14";
				CLANG_CXX_LIBRARY = "libc++";
				CLANG_ENABLE_MODULES = YES;
				CLANG_ENABLE_OBJC_ARC = YES;
				CLANG_WARN_BLOCK_CAPTURE_AUTORELEASING = YES;
				CLANG_WARN_BOOL_CONVERSION = YES;
				CLANG_WARN_COMMA = YES;
				CLANG_WARN_CONSTANT_CONVERSION = YES;
				CLANG_WARN_DIRECT_OBJC_ISA_USAGE = YES_ERROR;
				CLANG_WARN_DOCUMENTATION_COMMENTS = YES;
				CLANG_WARN_EMPTY_BODY = YES;
				CLANG_WARN_ENUM_CONVERSION = YES;
				CLANG_WARN_INFINITE_RECURSION = YES;
				CLANG_WARN_INT_CONVERSION = YES;
				CLANG_WARN_NON_LITERAL_NULL_CONVERSION = YES;
				CLANG_WARN_OBJC_LITERAL_CONVERSION = YES;
				CLANG_WARN_OBJC_ROOT_CLASS = YES_ERROR;
				CLANG_WARN_RANGE_LOOP_ANALYSIS = YES;
				CLANG_WARN_STRICT_PROTOTYPES = YES;
				CLANG_WARN_SUSPICIOUS_MOVE = YES;
				CLANG_WARN_UNGUARDED_AVAILABILITY = YES_AGGRESSIVE;
				CLANG_WARN_UNREACHABLE_CODE = YES;
				CLANG_WARN__DUPLICATE_METHOD_MATCH = YES;
				CODE_SIGN_IDENTITY = "-";
				COPY_PHASE_STRIP = NO;
				DEBUG_INFORMATION_FORMAT = "dwarf-with-dsym";
				ENABLE_NS_ASSERTIONS = NO;
				ENABLE_STRICT_OBJC_MSGSEND = YES;
				GCC_C_LANGUAGE_STANDARD = gnu11;
				GCC_NO_COMMON_BLOCKS = YES;
				GCC_WARN_64_TO_32_BIT_CONVERSION = YES;
				GCC_WARN_ABOUT_RETURN_TYPE = YES_ERROR;
				GCC_WARN_UNDECLARED_SELECTOR = YES;
				GCC_WARN_UNINITIALIZED_AUTOS = YES_AGGRESSIVE;
				GCC_WARN_UNUSED_FUNCTION = YES;
				GCC_WARN_UNUSED_VARIABLE = YES;
				MACOSX_DEPLOYMENT_TARGET = 10.12;
				MTL_ENABLE_DEBUG_INFO = NO;
				SDKROOT = macosx;
				SWIFT_OPTIMIZATION_LEVEL = "-Owholemodule";
			};
			name = Release;
		};
		99CB09AB1F974BDA00C51582 /* Debug */ = {
			isa = XCBuildConfiguration;
			buildSettings = {
				CODE_SIGN_STYLE = Automatic;
				PRODUCT_NAME = "$(TARGET_NAME)";
				SWIFT_VERSION = 4.0;
			};
			name = Debug;
		};
		99CB09AC1F974BDA00C51582 /* Release */ = {
			isa = XCBuildConfiguration;
			buildSettings = {
				CODE_SIGN_STYLE = Automatic;
				PRODUCT_NAME = "$(TARGET_NAME)";
				SWIFT_VERSION = 4.0;
			};
			name = Release;
		};
/* End XCBuildConfiguration section */

/* Begin XCConfigurationList section */
		99CB099E1F974BDA00C51582 /* Build configuration list for PBXProject "Projet 3" */ = {
			isa = XCConfigurationList;
			buildConfigurations = (
				99CB09A81F974BDA00C51582 /* Debug */,
				99CB09A91F974BDA00C51582 /* Release */,
			);
			defaultConfigurationIsVisible = 0;
			defaultConfigurationName = Release;
		};
		99CB09AA1F974BDA00C51582 /* Build configuration list for PBXNativeTarget "Projet 3" */ = {
			isa = XCConfigurationList;
			buildConfigurations = (
				99CB09AB1F974BDA00C51582 /* Debug */,
				99CB09AC1F974BDA00C51582 /* Release */,
			);
			defaultConfigurationIsVisible = 0;
			defaultConfigurationName = Release;
		};
/* End XCConfigurationList section */
	};
	rootObject = 99CB099B1F974BDA00C51582 /* Project object */;
}
