// !$*UTF8*$!
{
	archiveVersion = 1;
	classes = {
	};
	objectVersion = 48;
	objects = {

/* Begin PBXBuildFile section */
		990EB2A41F9DDCB1008BE16B /* Characters.swift in Sources */ = {isa = PBXBuildFile; fileRef = 990EB2A31F9DDCB1008BE16B /* Characters.swift */; };
		991A25C71F9DE9D0008F82F0 /* Arms.swift in Sources */ = {isa = PBXBuildFile; fileRef = 991A25C61F9DE9D0008F82F0 /* Arms.swift */; };
		991A25C91F9DEA29008F82F0 /* Arc.swift in Sources */ = {isa = PBXBuildFile; fileRef = 991A25C81F9DEA29008F82F0 /* Arc.swift */; };
		991A25CB1F9DEA99008F82F0 /* Scepter.swift in Sources */ = {isa = PBXBuildFile; fileRef = 991A25CA1F9DEA99008F82F0 /* Scepter.swift */; };
		991A25CD1F9DEB17008F82F0 /* Sword.swift in Sources */ = {isa = PBXBuildFile; fileRef = 991A25CC1F9DEB17008F82F0 /* Sword.swift */; };
		991A25CF1F9DEB53008F82F0 /* Hache.swift in Sources */ = {isa = PBXBuildFile; fileRef = 991A25CE1F9DEB53008F82F0 /* Hache.swift */; };
		991A25D11F9DEE2C008F82F0 /* Game.swift in Sources */ = {isa = PBXBuildFile; fileRef = 991A25D01F9DEE2C008F82F0 /* Game.swift */; };
		991A25D31F9E0A01008F82F0 /* Mage.swift in Sources */ = {isa = PBXBuildFile; fileRef = 991A25D21F9E0A01008F82F0 /* Mage.swift */; };
		991A25D51F9E0A38008F82F0 /* Dwarf.swift in Sources */ = {isa = PBXBuildFile; fileRef = 991A25D41F9E0A38008F82F0 /* Dwarf.swift */; };
		991A25D71F9E0A75008F82F0 /* Warrior.swift in Sources */ = {isa = PBXBuildFile; fileRef = 991A25D61F9E0A75008F82F0 /* Warrior.swift */; };
		991A25D91F9E0AB8008F82F0 /* Colossus.swift in Sources */ = {isa = PBXBuildFile; fileRef = 991A25D81F9E0AB8008F82F0 /* Colossus.swift */; };
		998A22971FA36F8D00AA0422 /* Team.swift in Sources */ = {isa = PBXBuildFile; fileRef = 998A22961FA36F8D00AA0422 /* Team.swift */; };
		99CB09A71F974BDA00C51582 /* main.swift in Sources */ = {isa = PBXBuildFile; fileRef = 99CB09A61F974BDA00C51582 /* main.swift */; };
/* End PBXBuildFile section */

/* Begin PBXCopyFilesBuildPhase section */
		99CB09A11F974BDA00C51582 /* CopyFiles */ = {
			isa = PBXCopyFilesBuildPhase;
			buildActionMask = 2147483647;
			dstPath = /usr/share/man/man1/;
			dstSubfolderSpec = 0;
			files = (
			);
			runOnlyForDeploymentPostprocessing = 1;
		};
/* End PBXCopyFilesBuildPhase section */

/* Begin PBXFileReference section */
		990EB2A31F9DDCB1008BE16B /* Characters.swift */ = {isa = PBXFileReference; lastKnownFileType = sourcecode.swift; path = Characters.swift; sourceTree = "<group>"; };
		991A25C61F9DE9D0008F82F0 /* Arms.swift */ = {isa = PBXFileReference; lastKnownFileType = sourcecode.swift; path = Arms.swift; sourceTree = "<group>"; };
		991A25C81F9DEA29008F82F0 /* Arc.swift */ = {isa = PBXFileReference; lastKnownFileType = sourcecode.swift; path = Arc.swift; sourceTree = "<group>"; };
		991A25CA1F9DEA99008F82F0 /* Scepter.swift */ = {isa = PBXFileReference; lastKnownFileType = sourcecode.swift; path = Scepter.swift; sourceTree = "<group>"; };
		991A25CC1F9DEB17008F82F0 /* Sword.swift */ = {isa = PBXFileReference; lastKnownFileType = sourcecode.swift; path = Sword.swift; sourceTree = "<group>"; };
		991A25CE1F9DEB53008F82F0 /* Hache.swift */ = {isa = PBXFileReference; lastKnownFileType = sourcecode.swift; path = Hache.swift; sourceTree = "<group>"; };
		991A25D01F9DEE2C008F82F0 /* Game.swift */ = {isa = PBXFileReference; lastKnownFileType = sourcecode.swift; path = Game.swift; sourceTree = "<group>"; };
		991A25D21F9E0A01008F82F0 /* Mage.swift */ = {isa = PBXFileReference; lastKnownFileType = sourcecode.swift; path = Mage.swift; sourceTree = "<group>"; };
		991A25D41F9E0A38008F82F0 /* Dwarf.swift */ = {isa = PBXFileReference; lastKnownFileType = sourcecode.swift; path = Dwarf.swift; sourceTree = "<group>"; };
		991A25D61F9E0A75008F82F0 /* Warrior.swift */ = {isa = PBXFileReference; lastKnownFileType = sourcecode.swift; path = Warrior.swift; sourceTree = "<group>"; };
		991A25D81F9E0AB8008F82F0 /* Colossus.swift */ = {isa = PBXFileReference; lastKnownFileType = sourcecode.swift; path = Colossus.swift; sourceTree = "<group>"; };
		998A22961FA36F8D00AA0422 /* Team.swift */ = {isa = PBXFileReference; lastKnownFileType = sourcecode.swift; path = Team.swift; sourceTree = "<group>"; };
		99CB09A31F974BDA00C51582 /* Projet 3 */ = {isa = PBXFileReference; explicitFileType = "compiled.mach-o.executable"; includeInIndex = 0; path = "Projet 3"; sourceTree = BUILT_PRODUCTS_DIR; };
		99CB09A61F974BDA00C51582 /* main.swift */ = {isa = PBXFileReference; lastKnownFileType = sourcecode.swift; path = main.swift; sourceTree = "<group>"; };
/* End PBXFileReference section */

/* Begin PBXFrameworksBuildPhase section */
		99CB09A01F974BDA00C51582 /* Frameworks */ = {
			isa = PBXFrameworksBuildPhase;
			buildActionMask = 2147483647;
			files = (
			);
			runOnlyForDeploymentPostprocessing = 0;
		};
/* End PBXFrameworksBuildPhase section */

/* Begin PBXGroup section */
		99CB099A1F974BDA00C51582 = {
			isa = PBXGroup;
			children = (
				99CB09A51F974BDA00C51582 /* Projet 3 */,
				99CB09A41F974BDA00C51582 /* Products */,
			);
			sourceTree = "<group>";
		};
		99CB09A41F974BDA00C51582 /* Products */ = {
			isa = PBXGroup;
			children = (
				99CB09A31F974BDA00C51582 /* Projet 3 */,
			);
			name = Products;
			sourceTree = "<group>";
		};
		99CB09A51F974BDA00C51582 /* Projet 3 */ = {
			isa = PBXGroup;
			children = (
				99CB09A61F974BDA00C51582 /* main.swift */,
				991A25D01F9DEE2C008F82F0 /* Game.swift */,
				99CB09CD1F98A7B400C51582 /* Élements */,
				99CB09B01F974D0900C51582 /* Team */,
			);
			path = "Projet 3";
			sourceTree = "<group>";
		};
		99CB09B01F974D0900C51582 /* Team */ = {
			isa = PBXGroup;
			children = (
				998A22961FA36F8D00AA0422 /* Team.swift */,
			);
			path = Team;
			sourceTree = "<group>";
		};
		99CB09BC1F97844F00C51582 /* Characters */ = {
			isa = PBXGroup;
			children = (
				990EB2A31F9DDCB1008BE16B /* Characters.swift */,
				991A25D21F9E0A01008F82F0 /* Mage.swift */,
				991A25D41F9E0A38008F82F0 /* Dwarf.swift */,
				991A25D61F9E0A75008F82F0 /* Warrior.swift */,
				991A25D81F9E0AB8008F82F0 /* Colossus.swift */,
			);
			path = Characters;
			sourceTree = "<group>";
		};
		99CB09C61F98A59200C51582 /* Arms */ = {
			isa = PBXGroup;
			children = (
				991A25C61F9DE9D0008F82F0 /* Arms.swift */,
				991A25C81F9DEA29008F82F0 /* Arc.swift */,
				991A25CA1F9DEA99008F82F0 /* Scepter.swift */,
				991A25CC1F9DEB17008F82F0 /* Sword.swift */,
				991A25CE1F9DEB53008F82F0 /* Hache.swift */,
			);
			path = Arms;
			sourceTree = "<group>";
		};
		99CB09CD1F98A7B400C51582 /* Élements */ = {
			isa = PBXGroup;
			children = (
				99CB09BC1F97844F00C51582 /* Characters */,
				99CB09C61F98A59200C51582 /* Arms */,
			);
			name = "Élements";
			path = "Élements";
			sourceTree = "<group>";
		};
/* End PBXGroup section */

/* Begin PBXNativeTarget section */
		99CB09A21F974BDA00C51582 /* Projet 3 */ = {
			isa = PBXNativeTarget;
			buildConfigurationList = 99CB09AA1F974BDA00C51582 /* Build configuration list for PBXNativeTarget "Projet 3" */;
			buildPhases = (
				99CB099F1F974BDA00C51582 /* Sources */,
				99CB09A01F974BDA00C51582 /* Frameworks */,
				99CB09A11F974BDA00C51582 /* CopyFiles */,
			);
			buildRules = (
			);
			dependencies = (
			);
			name = "Projet 3";
			productName = "Projet 3";
			productReference = 99CB09A31F974BDA00C51582 /* Projet 3 */;
			productType = "com.apple.product-type.tool";
		};
/* End PBXNativeTarget section */

/* Begin PBXProject section */
		99CB099B1F974BDA00C51582 /* Project object */ = {
			isa = PBXProject;
			attributes = {
				LastSwiftUpdateCheck = 0900;
				LastUpgradeCheck = 0900;
				ORGANIZATIONNAME = "Amg-Industries";
				TargetAttributes = {
					99CB09A21F974BDA00C51582 = {
						CreatedOnToolsVersion = 9.0;
						ProvisioningStyle = Automatic;
					};
				};
			};
			buildConfigurationList = 99CB099E1F974BDA00C51582 /* Build configuration list for PBXProject "Projet 3" */;
			compatibilityVersion = "Xcode 8.0";
			developmentRegion = en;
			hasScannedForEncodings = 0;
			knownRegions = (
				en,
			);
			mainGroup = 99CB099A1F974BDA00C51582;
			productRefGroup = 99CB09A41F974BDA00C51582 /* Products */;
			projectDirPath = "";
			projectRoot = "";
			targets = (
				99CB09A21F974BDA00C51582 /* Projet 3 */,
			);
		};
/* End PBXProject section */

/* Begin PBXSourcesBuildPhase section */
		99CB099F1F974BDA00C51582 /* Sources */ = {
			isa = PBXSourcesBuildPhase;
			buildActionMask = 2147483647;
			files = (
				99CB09A71F974BDA00C51582 /* main.swift in Sources */,
				990EB2A41F9DDCB1008BE16B /* Characters.swift in Sources */,
				998A22971FA36F8D00AA0422 /* Team.swift in Sources */,
				991A25C71F9DE9D0008F82F0 /* Arms.swift in Sources */,
				991A25D11F9DEE2C008F82F0 /* Game.swift in Sources */,
				991A25D31F9E0A01008F82F0 /* Mage.swift in Sources */,
				991A25D51F9E0A38008F82F0 /* Dwarf.swift in Sources */,
				991A25D71F9E0A75008F82F0 /* Warrior.swift in Sources */,
				991A25D91F9E0AB8008F82F0 /* Colossus.swift in Sources */,
				991A25C91F9DEA29008F82F0 /* Arc.swift in Sources */,
				991A25CD1F9DEB17008F82F0 /* Sword.swift in Sources */,
				991A25CF1F9DEB53008F82F0 /* Hache.swift in Sources */,
				991A25CB1F9DEA99008F82F0 /* Scepter.swift in Sources */,
			);
			runOnlyForDeploymentPostprocessing = 0;
		};
/* End PBXSourcesBuildPhase section */

/* Begin XCBuildConfiguration section */
		99CB09A81F974BDA00C51582 /* Debug */ = {
			isa = XCBuildConfiguration;
			buildSettings = {
				ALWAYS_SEARCH_USER_PATHS = NO;
				CLANG_ANALYZER_NONNULL = YES;
				CLANG_ANALYZER_NUMBER_OBJECT_CONVERSION = YES_AGGRESSIVE;
				CLANG_CXX_LANGUAGE_STANDARD = "gnu++14";
				CLANG_CXX_LIBRARY = "libc++";
				CLANG_ENABLE_MODULES = YES;
				CLANG_ENABLE_OBJC_ARC = YES;
				CLANG_WARN_BLOCK_CAPTURE_AUTORELEASING = YES;
				CLANG_WARN_BOOL_CONVERSION = YES;
				CLANG_WARN_COMMA = YES;
				CLANG_WARN_CONSTANT_CONVERSION = YES;
				CLANG_WARN_DIRECT_OBJC_ISA_USAGE = YES_ERROR;
				CLANG_WARN_DOCUMENTATION_COMMENTS = YES;
				CLANG_WARN_EMPTY_BODY = YES;
				CLANG_WARN_ENUM_CONVERSION = YES;
				CLANG_WARN_INFINITE_RECURSION = YES;
				CLANG_WARN_INT_CONVERSION = YES;
				CLANG_WARN_NON_LITERAL_NULL_CONVERSION = YES;
				CLANG_WARN_OBJC_LITERAL_CONVERSION = YES;
				CLANG_WARN_OBJC_ROOT_CLASS = YES_ERROR;
				CLANG_WARN_RANGE_LOOP_ANALYSIS = YES;
				CLANG_WARN_STRICT_PROTOTYPES = YES;
				CLANG_WARN_SUSPICIOUS_MOVE = YES;
				CLANG_WARN_UNGUARDED_AVAILABILITY = YES_AGGRESSIVE;
				CLANG_WARN_UNREACHABLE_CODE = YES;
				CLANG_WARN__DUPLICATE_METHOD_MATCH = YES;
				CODE_SIGN_IDENTITY = "-";
				COPY_PHASE_STRIP = NO;
				DEBUG_INFORMATION_FORMAT = dwarf;
				ENABLE_STRICT_OBJC_MSGSEND = YES;
				ENABLE_TESTABILITY = YES;
				GCC_C_LANGUAGE_STANDARD = gnu11;
				GCC_DYNAMIC_NO_PIC = NO;
				GCC_NO_COMMON_BLOCKS = YES;
				GCC_OPTIMIZATION_LEVEL = 0;
				GCC_PREPROCESSOR_DEFINITIONS = (
					"DEBUG=1",
					"$(inherited)",
				);
				GCC_WARN_64_TO_32_BIT_CONVERSION = YES;
				GCC_WARN_ABOUT_RETURN_TYPE = YES_ERROR;
				GCC_WARN_UNDECLARED_SELECTOR = YES;
				GCC_WARN_UNINITIALIZED_AUTOS = YES_AGGRESSIVE;
				GCC_WARN_UNUSED_FUNCTION = YES;
				GCC_WARN_UNUSED_VARIABLE = YES;
				MACOSX_DEPLOYMENT_TARGET = 10.12;
				MTL_ENABLE_DEBUG_INFO = YES;
				ONLY_ACTIVE_ARCH = YES;
				SDKROOT = macosx;
				SWIFT_ACTIVE_COMPILATION_CONDITIONS = DEBUG;
				SWIFT_OPTIMIZATION_LEVEL = "-Onone";
			};
			name = Debug;
		};
		99CB09A91F974BDA00C51582 /* Release */ = {
			isa = XCBuildConfiguration;
			buildSettings = {
				ALWAYS_SEARCH_USER_PATHS = NO;
				CLANG_ANALYZER_NONNULL = YES;
				CLANG_ANALYZER_NUMBER_OBJECT_CONVERSION = YES_AGGRESSIVE;
				CLANG_CXX_LANGUAGE_STANDARD = "gnu++14";
				CLANG_CXX_LIBRARY = "libc++";
				CLANG_ENABLE_MODULES = YES;
				CLANG_ENABLE_OBJC_ARC = YES;
				CLANG_WARN_BLOCK_CAPTURE_AUTORELEASING = YES;
				CLANG_WARN_BOOL_CONVERSION = YES;
				CLANG_WARN_COMMA = YES;
				CLANG_WARN_CONSTANT_CONVERSION = YES;
				CLANG_WARN_DIRECT_OBJC_ISA_USAGE = YES_ERROR;
				CLANG_WARN_DOCUMENTATION_COMMENTS = YES;
				CLANG_WARN_EMPTY_BODY = YES;
				CLANG_WARN_ENUM_CONVERSION = YES;
				CLANG_WARN_INFINITE_RECURSION = YES;
				CLANG_WARN_INT_CONVERSION = YES;
				CLANG_WARN_NON_LITERAL_NULL_CONVERSION = YES;
				CLANG_WARN_OBJC_LITERAL_CONVERSION = YES;
				CLANG_WARN_OBJC_ROOT_CLASS = YES_ERROR;
				CLANG_WARN_RANGE_LOOP_ANALYSIS = YES;
				CLANG_WARN_STRICT_PROTOTYPES = YES;
				CLANG_WARN_SUSPICIOUS_MOVE = YES;
				CLANG_WARN_UNGUARDED_AVAILABILITY = YES_AGGRESSIVE;
				CLANG_WARN_UNREACHABLE_CODE = YES;
				CLANG_WARN__DUPLICATE_METHOD_MATCH = YES;
				CODE_SIGN_IDENTITY = "-";
				COPY_PHASE_STRIP = NO;
				DEBUG_INFORMATION_FORMAT = "dwarf-with-dsym";
				ENABLE_NS_ASSERTIONS = NO;
				ENABLE_STRICT_OBJC_MSGSEND = YES;
				GCC_C_LANGUAGE_STANDARD = gnu11;
				GCC_NO_COMMON_BLOCKS = YES;
				GCC_WARN_64_TO_32_BIT_CONVERSION = YES;
				GCC_WARN_ABOUT_RETURN_TYPE = YES_ERROR;
				GCC_WARN_UNDECLARED_SELECTOR = YES;
				GCC_WARN_UNINITIALIZED_AUTOS = YES_AGGRESSIVE;
				GCC_WARN_UNUSED_FUNCTION = YES;
				GCC_WARN_UNUSED_VARIABLE = YES;
				MACOSX_DEPLOYMENT_TARGET = 10.12;
				MTL_ENABLE_DEBUG_INFO = NO;
				SDKROOT = macosx;
				SWIFT_OPTIMIZATION_LEVEL = "-Owholemodule";
			};
			name = Release;
		};
		99CB09AB1F974BDA00C51582 /* Debug */ = {
			isa = XCBuildConfiguration;
			buildSettings = {
				CODE_SIGN_STYLE = Automatic;
				PRODUCT_NAME = "$(TARGET_NAME)";
				SWIFT_VERSION = 4.0;
			};
			name = Debug;
		};
		99CB09AC1F974BDA00C51582 /* Release */ = {
			isa = XCBuildConfiguration;
			buildSettings = {
				CODE_SIGN_STYLE = Automatic;
				PRODUCT_NAME = "$(TARGET_NAME)";
				SWIFT_VERSION = 4.0;
			};
			name = Release;
		};
/* End XCBuildConfiguration section */

/* Begin XCConfigurationList section */
		99CB099E1F974BDA00C51582 /* Build configuration list for PBXProject "Projet 3" */ = {
			isa = XCConfigurationList;
			buildConfigurations = (
				99CB09A81F974BDA00C51582 /* Debug */,
				99CB09A91F974BDA00C51582 /* Release */,
			);
			defaultConfigurationIsVisible = 0;
			defaultConfigurationName = Release;
		};
		99CB09AA1F974BDA00C51582 /* Build configuration list for PBXNativeTarget "Projet 3" */ = {
			isa = XCConfigurationList;
			buildConfigurations = (
				99CB09AB1F974BDA00C51582 /* Debug */,
				99CB09AC1F974BDA00C51582 /* Release */,
			);
			defaultConfigurationIsVisible = 0;
			defaultConfigurationName = Release;
		};
/* End XCConfigurationList section */
	};
	rootObject = 99CB099B1F974BDA00C51582 /* Project object */;
}
